// !$*UTF8*$!
{
	archiveVersion = 1;
	classes = {
	};
	objectVersion = 55;
	objects = {

/* Begin PBXBuildFile section */
		0880C5CF28D9D3D300ACC770 /* AppDelegate.swift in Sources */ = {isa = PBXBuildFile; fileRef = 0880C5CE28D9D3D300ACC770 /* AppDelegate.swift */; };
		0880C5D128D9D3D300ACC770 /* SceneDelegate.swift in Sources */ = {isa = PBXBuildFile; fileRef = 0880C5D028D9D3D300ACC770 /* SceneDelegate.swift */; };
		0880C5D328D9D3D300ACC770 /* ViewController.swift in Sources */ = {isa = PBXBuildFile; fileRef = 0880C5D228D9D3D300ACC770 /* ViewController.swift */; };
		0880C5D628D9D3D300ACC770 /* Main.storyboard in Resources */ = {isa = PBXBuildFile; fileRef = 0880C5D428D9D3D300ACC770 /* Main.storyboard */; };
		0880C5D828D9D3D500ACC770 /* Assets.xcassets in Resources */ = {isa = PBXBuildFile; fileRef = 0880C5D728D9D3D500ACC770 /* Assets.xcassets */; };
		0880C5DB28D9D3D500ACC770 /* LaunchScreen.storyboard in Resources */ = {isa = PBXBuildFile; fileRef = 0880C5D928D9D3D500ACC770 /* LaunchScreen.storyboard */; };
		0880C5E628D9D3D500ACC770 /* ShiftTapeStoryboardTests.swift in Sources */ = {isa = PBXBuildFile; fileRef = 0880C5E528D9D3D500ACC770 /* ShiftTapeStoryboardTests.swift */; };
		0880C5F028D9D3D500ACC770 /* ShiftTapeStoryboardUITests.swift in Sources */ = {isa = PBXBuildFile; fileRef = 0880C5EF28D9D3D500ACC770 /* ShiftTapeStoryboardUITests.swift */; };
		0880C5F228D9D3D500ACC770 /* ShiftTapeStoryboardUITestsLaunchTests.swift in Sources */ = {isa = PBXBuildFile; fileRef = 0880C5F128D9D3D500ACC770 /* ShiftTapeStoryboardUITestsLaunchTests.swift */; };
		B15F6C439C185886FDC9B20B /* Pods_ShiftTapeStoryboardTests.framework in Frameworks */ = {isa = PBXBuildFile; fileRef = 118A077E0C71C78DE296D577 /* Pods_ShiftTapeStoryboardTests.framework */; };
		BEB461412909B13EE3EF1769 /* Pods_ShiftTapeStoryboard.framework in Frameworks */ = {isa = PBXBuildFile; fileRef = 77B17503E451CB6FE6B466A6 /* Pods_ShiftTapeStoryboard.framework */; };
		CB8F7A1406C65FC917AAC9D0 /* Pods_ShiftTapeStoryboard_ShiftTapeStoryboardUITests.framework in Frameworks */ = {isa = PBXBuildFile; fileRef = 4FBBF28DB0269675FD67E0A2 /* Pods_ShiftTapeStoryboard_ShiftTapeStoryboardUITests.framework */; };
/* End PBXBuildFile section */

/* Begin PBXContainerItemProxy section */
		0880C5E228D9D3D500ACC770 /* PBXContainerItemProxy */ = {
			isa = PBXContainerItemProxy;
			containerPortal = 0880C5C328D9D3D300ACC770 /* Project object */;
			proxyType = 1;
			remoteGlobalIDString = 0880C5CA28D9D3D300ACC770;
			remoteInfo = ShiftTapeStoryboard;
		};
		0880C5EC28D9D3D500ACC770 /* PBXContainerItemProxy */ = {
			isa = PBXContainerItemProxy;
			containerPortal = 0880C5C328D9D3D300ACC770 /* Project object */;
			proxyType = 1;
			remoteGlobalIDString = 0880C5CA28D9D3D300ACC770;
			remoteInfo = ShiftTapeStoryboard;
		};
/* End PBXContainerItemProxy section */

/* Begin PBXFileReference section */
		0880C5CB28D9D3D300ACC770 /* ShiftTapeStoryboard.app */ = {isa = PBXFileReference; explicitFileType = wrapper.application; includeInIndex = 0; path = ShiftTapeStoryboard.app; sourceTree = BUILT_PRODUCTS_DIR; };
		0880C5CE28D9D3D300ACC770 /* AppDelegate.swift */ = {isa = PBXFileReference; lastKnownFileType = sourcecode.swift; path = AppDelegate.swift; sourceTree = "<group>"; };
		0880C5D028D9D3D300ACC770 /* SceneDelegate.swift */ = {isa = PBXFileReference; lastKnownFileType = sourcecode.swift; path = SceneDelegate.swift; sourceTree = "<group>"; };
		0880C5D228D9D3D300ACC770 /* ViewController.swift */ = {isa = PBXFileReference; lastKnownFileType = sourcecode.swift; path = ViewController.swift; sourceTree = "<group>"; };
		0880C5D528D9D3D300ACC770 /* Base */ = {isa = PBXFileReference; lastKnownFileType = file.storyboard; name = Base; path = Base.lproj/Main.storyboard; sourceTree = "<group>"; };
		0880C5D728D9D3D500ACC770 /* Assets.xcassets */ = {isa = PBXFileReference; lastKnownFileType = folder.assetcatalog; path = Assets.xcassets; sourceTree = "<group>"; };
		0880C5DA28D9D3D500ACC770 /* Base */ = {isa = PBXFileReference; lastKnownFileType = file.storyboard; name = Base; path = Base.lproj/LaunchScreen.storyboard; sourceTree = "<group>"; };
		0880C5DC28D9D3D500ACC770 /* Info.plist */ = {isa = PBXFileReference; lastKnownFileType = text.plist.xml; path = Info.plist; sourceTree = "<group>"; };
		0880C5E128D9D3D500ACC770 /* ShiftTapeStoryboardTests.xctest */ = {isa = PBXFileReference; explicitFileType = wrapper.cfbundle; includeInIndex = 0; path = ShiftTapeStoryboardTests.xctest; sourceTree = BUILT_PRODUCTS_DIR; };
		0880C5E528D9D3D500ACC770 /* ShiftTapeStoryboardTests.swift */ = {isa = PBXFileReference; lastKnownFileType = sourcecode.swift; path = ShiftTapeStoryboardTests.swift; sourceTree = "<group>"; };
		0880C5EB28D9D3D500ACC770 /* ShiftTapeStoryboardUITests.xctest */ = {isa = PBXFileReference; explicitFileType = wrapper.cfbundle; includeInIndex = 0; path = ShiftTapeStoryboardUITests.xctest; sourceTree = BUILT_PRODUCTS_DIR; };
		0880C5EF28D9D3D500ACC770 /* ShiftTapeStoryboardUITests.swift */ = {isa = PBXFileReference; lastKnownFileType = sourcecode.swift; path = ShiftTapeStoryboardUITests.swift; sourceTree = "<group>"; };
		0880C5F128D9D3D500ACC770 /* ShiftTapeStoryboardUITestsLaunchTests.swift */ = {isa = PBXFileReference; lastKnownFileType = sourcecode.swift; path = ShiftTapeStoryboardUITestsLaunchTests.swift; sourceTree = "<group>"; };
		0880C5FF28D9DEA200ACC770 /* en */ = {isa = PBXFileReference; lastKnownFileType = text.plist.strings; name = en; path = en.lproj/Main.strings; sourceTree = "<group>"; };
		0CDEB895D9EC33CA84BC1F62 /* Pods-ShiftTapeStoryboard-ShiftTapeStoryboardUITests.debug.xcconfig */ = {isa = PBXFileReference; includeInIndex = 1; lastKnownFileType = text.xcconfig; name = "Pods-ShiftTapeStoryboard-ShiftTapeStoryboardUITests.debug.xcconfig"; path = "Target Support Files/Pods-ShiftTapeStoryboard-ShiftTapeStoryboardUITests/Pods-ShiftTapeStoryboard-ShiftTapeStoryboardUITests.debug.xcconfig"; sourceTree = "<group>"; };
		118A077E0C71C78DE296D577 /* Pods_ShiftTapeStoryboardTests.framework */ = {isa = PBXFileReference; explicitFileType = wrapper.framework; includeInIndex = 0; path = Pods_ShiftTapeStoryboardTests.framework; sourceTree = BUILT_PRODUCTS_DIR; };
		14A68058C37A0F1A0DB2F5B7 /* Pods-ShiftTapeStoryboard-ShiftTapeStoryboardUITests.release.xcconfig */ = {isa = PBXFileReference; includeInIndex = 1; lastKnownFileType = text.xcconfig; name = "Pods-ShiftTapeStoryboard-ShiftTapeStoryboardUITests.release.xcconfig"; path = "Target Support Files/Pods-ShiftTapeStoryboard-ShiftTapeStoryboardUITests/Pods-ShiftTapeStoryboard-ShiftTapeStoryboardUITests.release.xcconfig"; sourceTree = "<group>"; };
		22E46A92740635CF809104B3 /* Pods-ShiftTapeStoryboardTests.debug.xcconfig */ = {isa = PBXFileReference; includeInIndex = 1; lastKnownFileType = text.xcconfig; name = "Pods-ShiftTapeStoryboardTests.debug.xcconfig"; path = "Target Support Files/Pods-ShiftTapeStoryboardTests/Pods-ShiftTapeStoryboardTests.debug.xcconfig"; sourceTree = "<group>"; };
		4FBBF28DB0269675FD67E0A2 /* Pods_ShiftTapeStoryboard_ShiftTapeStoryboardUITests.framework */ = {isa = PBXFileReference; explicitFileType = wrapper.framework; includeInIndex = 0; path = Pods_ShiftTapeStoryboard_ShiftTapeStoryboardUITests.framework; sourceTree = BUILT_PRODUCTS_DIR; };
		72DE4A3E901D7477EF9A6109 /* Pods-ShiftTapeStoryboardTests.release.xcconfig */ = {isa = PBXFileReference; includeInIndex = 1; lastKnownFileType = text.xcconfig; name = "Pods-ShiftTapeStoryboardTests.release.xcconfig"; path = "Target Support Files/Pods-ShiftTapeStoryboardTests/Pods-ShiftTapeStoryboardTests.release.xcconfig"; sourceTree = "<group>"; };
		77B17503E451CB6FE6B466A6 /* Pods_ShiftTapeStoryboard.framework */ = {isa = PBXFileReference; explicitFileType = wrapper.framework; includeInIndex = 0; path = Pods_ShiftTapeStoryboard.framework; sourceTree = BUILT_PRODUCTS_DIR; };
		77C3A4A13EF929EBA801584A /* Pods-ShiftTapeStoryboard.release.xcconfig */ = {isa = PBXFileReference; includeInIndex = 1; lastKnownFileType = text.xcconfig; name = "Pods-ShiftTapeStoryboard.release.xcconfig"; path = "Target Support Files/Pods-ShiftTapeStoryboard/Pods-ShiftTapeStoryboard.release.xcconfig"; sourceTree = "<group>"; };
		BAC4DC60A4E3F27086584467 /* Pods-ShiftTapeStoryboard.debug.xcconfig */ = {isa = PBXFileReference; includeInIndex = 1; lastKnownFileType = text.xcconfig; name = "Pods-ShiftTapeStoryboard.debug.xcconfig"; path = "Target Support Files/Pods-ShiftTapeStoryboard/Pods-ShiftTapeStoryboard.debug.xcconfig"; sourceTree = "<group>"; };
/* End PBXFileReference section */

/* Begin PBXFrameworksBuildPhase section */
		0880C5C828D9D3D300ACC770 /* Frameworks */ = {
			isa = PBXFrameworksBuildPhase;
			buildActionMask = 2147483647;
			files = (
				BEB461412909B13EE3EF1769 /* Pods_ShiftTapeStoryboard.framework in Frameworks */,
			);
			runOnlyForDeploymentPostprocessing = 0;
		};
		0880C5DE28D9D3D500ACC770 /* Frameworks */ = {
			isa = PBXFrameworksBuildPhase;
			buildActionMask = 2147483647;
			files = (
				B15F6C439C185886FDC9B20B /* Pods_ShiftTapeStoryboardTests.framework in Frameworks */,
			);
			runOnlyForDeploymentPostprocessing = 0;
		};
		0880C5E828D9D3D500ACC770 /* Frameworks */ = {
			isa = PBXFrameworksBuildPhase;
			buildActionMask = 2147483647;
			files = (
				CB8F7A1406C65FC917AAC9D0 /* Pods_ShiftTapeStoryboard_ShiftTapeStoryboardUITests.framework in Frameworks */,
			);
			runOnlyForDeploymentPostprocessing = 0;
		};
/* End PBXFrameworksBuildPhase section */

/* Begin PBXGroup section */
		0880C5C228D9D3D300ACC770 = {
			isa = PBXGroup;
			children = (
				0880C5CD28D9D3D300ACC770 /* ShiftTapeStoryboard */,
				0880C5E428D9D3D500ACC770 /* ShiftTapeStoryboardTests */,
				0880C5EE28D9D3D500ACC770 /* ShiftTapeStoryboardUITests */,
				0880C5CC28D9D3D300ACC770 /* Products */,
				1A04744C70079FB8FD727C4A /* Pods */,
				CF9BF99545CE4A329822EAAC /* Frameworks */,
			);
			sourceTree = "<group>";
		};
		0880C5CC28D9D3D300ACC770 /* Products */ = {
			isa = PBXGroup;
			children = (
				0880C5CB28D9D3D300ACC770 /* ShiftTapeStoryboard.app */,
				0880C5E128D9D3D500ACC770 /* ShiftTapeStoryboardTests.xctest */,
				0880C5EB28D9D3D500ACC770 /* ShiftTapeStoryboardUITests.xctest */,
			);
			name = Products;
			sourceTree = "<group>";
		};
		0880C5CD28D9D3D300ACC770 /* ShiftTapeStoryboard */ = {
			isa = PBXGroup;
			children = (
				0880C5CE28D9D3D300ACC770 /* AppDelegate.swift */,
				0880C5D028D9D3D300ACC770 /* SceneDelegate.swift */,
				0880C5D228D9D3D300ACC770 /* ViewController.swift */,
				0880C5D428D9D3D300ACC770 /* Main.storyboard */,
				0880C5D728D9D3D500ACC770 /* Assets.xcassets */,
				0880C5D928D9D3D500ACC770 /* LaunchScreen.storyboard */,
				0880C5DC28D9D3D500ACC770 /* Info.plist */,
			);
			path = ShiftTapeStoryboard;
			sourceTree = "<group>";
		};
		0880C5E428D9D3D500ACC770 /* ShiftTapeStoryboardTests */ = {
			isa = PBXGroup;
			children = (
				0880C5E528D9D3D500ACC770 /* ShiftTapeStoryboardTests.swift */,
			);
			path = ShiftTapeStoryboardTests;
			sourceTree = "<group>";
		};
		0880C5EE28D9D3D500ACC770 /* ShiftTapeStoryboardUITests */ = {
			isa = PBXGroup;
			children = (
				0880C5EF28D9D3D500ACC770 /* ShiftTapeStoryboardUITests.swift */,
				0880C5F128D9D3D500ACC770 /* ShiftTapeStoryboardUITestsLaunchTests.swift */,
			);
			path = ShiftTapeStoryboardUITests;
			sourceTree = "<group>";
		};
		1A04744C70079FB8FD727C4A /* Pods */ = {
			isa = PBXGroup;
			children = (
				BAC4DC60A4E3F27086584467 /* Pods-ShiftTapeStoryboard.debug.xcconfig */,
				77C3A4A13EF929EBA801584A /* Pods-ShiftTapeStoryboard.release.xcconfig */,
				0CDEB895D9EC33CA84BC1F62 /* Pods-ShiftTapeStoryboard-ShiftTapeStoryboardUITests.debug.xcconfig */,
				14A68058C37A0F1A0DB2F5B7 /* Pods-ShiftTapeStoryboard-ShiftTapeStoryboardUITests.release.xcconfig */,
				22E46A92740635CF809104B3 /* Pods-ShiftTapeStoryboardTests.debug.xcconfig */,
				72DE4A3E901D7477EF9A6109 /* Pods-ShiftTapeStoryboardTests.release.xcconfig */,
			);
			path = Pods;
			sourceTree = "<group>";
		};
		CF9BF99545CE4A329822EAAC /* Frameworks */ = {
			isa = PBXGroup;
			children = (
				77B17503E451CB6FE6B466A6 /* Pods_ShiftTapeStoryboard.framework */,
				4FBBF28DB0269675FD67E0A2 /* Pods_ShiftTapeStoryboard_ShiftTapeStoryboardUITests.framework */,
				118A077E0C71C78DE296D577 /* Pods_ShiftTapeStoryboardTests.framework */,
			);
			name = Frameworks;
			sourceTree = "<group>";
		};
/* End PBXGroup section */

/* Begin PBXNativeTarget section */
		0880C5CA28D9D3D300ACC770 /* ShiftTapeStoryboard */ = {
			isa = PBXNativeTarget;
			buildConfigurationList = 0880C5F528D9D3D500ACC770 /* Build configuration list for PBXNativeTarget "ShiftTapeStoryboard" */;
			buildPhases = (
				5AEF1C6F6F7068ACA156BF35 /* [CP] Check Pods Manifest.lock */,
				0880C5C728D9D3D300ACC770 /* Sources */,
				0880C5C828D9D3D300ACC770 /* Frameworks */,
				0880C5C928D9D3D300ACC770 /* Resources */,
				58F3E25C03C8036256E7BB4B /* [CP] Embed Pods Frameworks */,
			);
			buildRules = (
			);
			dependencies = (
			);
			name = ShiftTapeStoryboard;
			productName = ShiftTapeStoryboard;
			productReference = 0880C5CB28D9D3D300ACC770 /* ShiftTapeStoryboard.app */;
			productType = "com.apple.product-type.application";
		};
		0880C5E028D9D3D500ACC770 /* ShiftTapeStoryboardTests */ = {
			isa = PBXNativeTarget;
			buildConfigurationList = 0880C5F828D9D3D500ACC770 /* Build configuration list for PBXNativeTarget "ShiftTapeStoryboardTests" */;
			buildPhases = (
				B703FB633BD4A3FB38679E59 /* [CP] Check Pods Manifest.lock */,
				0880C5DD28D9D3D500ACC770 /* Sources */,
				0880C5DE28D9D3D500ACC770 /* Frameworks */,
				0880C5DF28D9D3D500ACC770 /* Resources */,
			);
			buildRules = (
			);
			dependencies = (
				0880C5E328D9D3D500ACC770 /* PBXTargetDependency */,
			);
			name = ShiftTapeStoryboardTests;
			productName = ShiftTapeStoryboardTests;
			productReference = 0880C5E128D9D3D500ACC770 /* ShiftTapeStoryboardTests.xctest */;
			productType = "com.apple.product-type.bundle.unit-test";
		};
		0880C5EA28D9D3D500ACC770 /* ShiftTapeStoryboardUITests */ = {
			isa = PBXNativeTarget;
			buildConfigurationList = 0880C5FB28D9D3D500ACC770 /* Build configuration list for PBXNativeTarget "ShiftTapeStoryboardUITests" */;
			buildPhases = (
				91D7B4F65BF74D692A3A3D8E /* [CP] Check Pods Manifest.lock */,
				0880C5E728D9D3D500ACC770 /* Sources */,
				0880C5E828D9D3D500ACC770 /* Frameworks */,
				0880C5E928D9D3D500ACC770 /* Resources */,
				ED502D0E9DDB14D9DE19F10D /* [CP] Embed Pods Frameworks */,
			);
			buildRules = (
			);
			dependencies = (
				0880C5ED28D9D3D500ACC770 /* PBXTargetDependency */,
			);
			name = ShiftTapeStoryboardUITests;
			productName = ShiftTapeStoryboardUITests;
			productReference = 0880C5EB28D9D3D500ACC770 /* ShiftTapeStoryboardUITests.xctest */;
			productType = "com.apple.product-type.bundle.ui-testing";
		};
/* End PBXNativeTarget section */

/* Begin PBXProject section */
		0880C5C328D9D3D300ACC770 /* Project object */ = {
			isa = PBXProject;
			attributes = {
				BuildIndependentTargetsInParallel = 1;
				LastSwiftUpdateCheck = 1340;
				LastUpgradeCheck = 1340;
				TargetAttributes = {
					0880C5CA28D9D3D300ACC770 = {
						CreatedOnToolsVersion = 13.4.1;
					};
					0880C5E028D9D3D500ACC770 = {
						CreatedOnToolsVersion = 13.4.1;
						TestTargetID = 0880C5CA28D9D3D300ACC770;
					};
					0880C5EA28D9D3D500ACC770 = {
						CreatedOnToolsVersion = 13.4.1;
						TestTargetID = 0880C5CA28D9D3D300ACC770;
					};
				};
			};
			buildConfigurationList = 0880C5C628D9D3D300ACC770 /* Build configuration list for PBXProject "ShiftTapeStoryboard" */;
			compatibilityVersion = "Xcode 13.0";
			developmentRegion = en;
			hasScannedForEncodings = 0;
			knownRegions = (
				en,
				Base,
			);
			mainGroup = 0880C5C228D9D3D300ACC770;
			productRefGroup = 0880C5CC28D9D3D300ACC770 /* Products */;
			projectDirPath = "";
			projectRoot = "";
			targets = (
				0880C5CA28D9D3D300ACC770 /* ShiftTapeStoryboard */,
				0880C5E028D9D3D500ACC770 /* ShiftTapeStoryboardTests */,
				0880C5EA28D9D3D500ACC770 /* ShiftTapeStoryboardUITests */,
			);
		};
/* End PBXProject section */

/* Begin PBXResourcesBuildPhase section */
		0880C5C928D9D3D300ACC770 /* Resources */ = {
			isa = PBXResourcesBuildPhase;
			buildActionMask = 2147483647;
			files = (
				0880C5DB28D9D3D500ACC770 /* LaunchScreen.storyboard in Resources */,
				0880C5D828D9D3D500ACC770 /* Assets.xcassets in Resources */,
				0880C5D628D9D3D300ACC770 /* Main.storyboard in Resources */,
			);
			runOnlyForDeploymentPostprocessing = 0;
		};
		0880C5DF28D9D3D500ACC770 /* Resources */ = {
			isa = PBXResourcesBuildPhase;
			buildActionMask = 2147483647;
			files = (
			);
			runOnlyForDeploymentPostprocessing = 0;
		};
		0880C5E928D9D3D500ACC770 /* Resources */ = {
			isa = PBXResourcesBuildPhase;
			buildActionMask = 2147483647;
			files = (
			);
			runOnlyForDeploymentPostprocessing = 0;
		};
/* End PBXResourcesBuildPhase section */

/* Begin PBXShellScriptBuildPhase section */
		58F3E25C03C8036256E7BB4B /* [CP] Embed Pods Frameworks */ = {
			isa = PBXShellScriptBuildPhase;
			buildActionMask = 2147483647;
			files = (
			);
			inputFileListPaths = (
				"${PODS_ROOT}/Target Support Files/Pods-ShiftTapeStoryboard/Pods-ShiftTapeStoryboard-frameworks-${CONFIGURATION}-input-files.xcfilelist",
			);
			name = "[CP] Embed Pods Frameworks";
			outputFileListPaths = (
				"${PODS_ROOT}/Target Support Files/Pods-ShiftTapeStoryboard/Pods-ShiftTapeStoryboard-frameworks-${CONFIGURATION}-output-files.xcfilelist",
			);
			runOnlyForDeploymentPostprocessing = 0;
			shellPath = /bin/sh;
			shellScript = "\"${PODS_ROOT}/Target Support Files/Pods-ShiftTapeStoryboard/Pods-ShiftTapeStoryboard-frameworks.sh\"\n";
			showEnvVarsInLog = 0;
		};
		5AEF1C6F6F7068ACA156BF35 /* [CP] Check Pods Manifest.lock */ = {
			isa = PBXShellScriptBuildPhase;
			buildActionMask = 2147483647;
			files = (
			);
			inputFileListPaths = (
			);
			inputPaths = (
				"${PODS_PODFILE_DIR_PATH}/Podfile.lock",
				"${PODS_ROOT}/Manifest.lock",
			);
			name = "[CP] Check Pods Manifest.lock";
			outputFileListPaths = (
			);
			outputPaths = (
				"$(DERIVED_FILE_DIR)/Pods-ShiftTapeStoryboard-checkManifestLockResult.txt",
			);
			runOnlyForDeploymentPostprocessing = 0;
			shellPath = /bin/sh;
			shellScript = "diff \"${PODS_PODFILE_DIR_PATH}/Podfile.lock\" \"${PODS_ROOT}/Manifest.lock\" > /dev/null\nif [ $? != 0 ] ; then\n    # print error to STDERR\n    echo \"error: The sandbox is not in sync with the Podfile.lock. Run 'pod install' or update your CocoaPods installation.\" >&2\n    exit 1\nfi\n# This output is used by Xcode 'outputs' to avoid re-running this script phase.\necho \"SUCCESS\" > \"${SCRIPT_OUTPUT_FILE_0}\"\n";
			showEnvVarsInLog = 0;
		};
		91D7B4F65BF74D692A3A3D8E /* [CP] Check Pods Manifest.lock */ = {
			isa = PBXShellScriptBuildPhase;
			buildActionMask = 2147483647;
			files = (
			);
			inputFileListPaths = (
			);
			inputPaths = (
				"${PODS_PODFILE_DIR_PATH}/Podfile.lock",
				"${PODS_ROOT}/Manifest.lock",
			);
			name = "[CP] Check Pods Manifest.lock";
			outputFileListPaths = (
			);
			outputPaths = (
				"$(DERIVED_FILE_DIR)/Pods-ShiftTapeStoryboard-ShiftTapeStoryboardUITests-checkManifestLockResult.txt",
			);
			runOnlyForDeploymentPostprocessing = 0;
			shellPath = /bin/sh;
			shellScript = "diff \"${PODS_PODFILE_DIR_PATH}/Podfile.lock\" \"${PODS_ROOT}/Manifest.lock\" > /dev/null\nif [ $? != 0 ] ; then\n    # print error to STDERR\n    echo \"error: The sandbox is not in sync with the Podfile.lock. Run 'pod install' or update your CocoaPods installation.\" >&2\n    exit 1\nfi\n# This output is used by Xcode 'outputs' to avoid re-running this script phase.\necho \"SUCCESS\" > \"${SCRIPT_OUTPUT_FILE_0}\"\n";
			showEnvVarsInLog = 0;
		};
		B703FB633BD4A3FB38679E59 /* [CP] Check Pods Manifest.lock */ = {
			isa = PBXShellScriptBuildPhase;
			buildActionMask = 2147483647;
			files = (
			);
			inputFileListPaths = (
			);
			inputPaths = (
				"${PODS_PODFILE_DIR_PATH}/Podfile.lock",
				"${PODS_ROOT}/Manifest.lock",
			);
			name = "[CP] Check Pods Manifest.lock";
			outputFileListPaths = (
			);
			outputPaths = (
				"$(DERIVED_FILE_DIR)/Pods-ShiftTapeStoryboardTests-checkManifestLockResult.txt",
			);
			runOnlyForDeploymentPostprocessing = 0;
			shellPath = /bin/sh;
			shellScript = "diff \"${PODS_PODFILE_DIR_PATH}/Podfile.lock\" \"${PODS_ROOT}/Manifest.lock\" > /dev/null\nif [ $? != 0 ] ; then\n    # print error to STDERR\n    echo \"error: The sandbox is not in sync with the Podfile.lock. Run 'pod install' or update your CocoaPods installation.\" >&2\n    exit 1\nfi\n# This output is used by Xcode 'outputs' to avoid re-running this script phase.\necho \"SUCCESS\" > \"${SCRIPT_OUTPUT_FILE_0}\"\n";
			showEnvVarsInLog = 0;
		};
		ED502D0E9DDB14D9DE19F10D /* [CP] Embed Pods Frameworks */ = {
			isa = PBXShellScriptBuildPhase;
			buildActionMask = 2147483647;
			files = (
			);
			inputFileListPaths = (
				"${PODS_ROOT}/Target Support Files/Pods-ShiftTapeStoryboard-ShiftTapeStoryboardUITests/Pods-ShiftTapeStoryboard-ShiftTapeStoryboardUITests-frameworks-${CONFIGURATION}-input-files.xcfilelist",
			);
			name = "[CP] Embed Pods Frameworks";
			outputFileListPaths = (
				"${PODS_ROOT}/Target Support Files/Pods-ShiftTapeStoryboard-ShiftTapeStoryboardUITests/Pods-ShiftTapeStoryboard-ShiftTapeStoryboardUITests-frameworks-${CONFIGURATION}-output-files.xcfilelist",
			);
			runOnlyForDeploymentPostprocessing = 0;
			shellPath = /bin/sh;
			shellScript = "\"${PODS_ROOT}/Target Support Files/Pods-ShiftTapeStoryboard-ShiftTapeStoryboardUITests/Pods-ShiftTapeStoryboard-ShiftTapeStoryboardUITests-frameworks.sh\"\n";
			showEnvVarsInLog = 0;
		};
/* End PBXShellScriptBuildPhase section */

/* Begin PBXSourcesBuildPhase section */
		0880C5C728D9D3D300ACC770 /* Sources */ = {
			isa = PBXSourcesBuildPhase;
			buildActionMask = 2147483647;
			files = (
				0880C5D328D9D3D300ACC770 /* ViewController.swift in Sources */,
				0880C5CF28D9D3D300ACC770 /* AppDelegate.swift in Sources */,
				0880C5D128D9D3D300ACC770 /* SceneDelegate.swift in Sources */,
			);
			runOnlyForDeploymentPostprocessing = 0;
		};
		0880C5DD28D9D3D500ACC770 /* Sources */ = {
			isa = PBXSourcesBuildPhase;
			buildActionMask = 2147483647;
			files = (
				0880C5E628D9D3D500ACC770 /* ShiftTapeStoryboardTests.swift in Sources */,
			);
			runOnlyForDeploymentPostprocessing = 0;
		};
		0880C5E728D9D3D500ACC770 /* Sources */ = {
			isa = PBXSourcesBuildPhase;
			buildActionMask = 2147483647;
			files = (
				0880C5F228D9D3D500ACC770 /* ShiftTapeStoryboardUITestsLaunchTests.swift in Sources */,
				0880C5F028D9D3D500ACC770 /* ShiftTapeStoryboardUITests.swift in Sources */,
			);
			runOnlyForDeploymentPostprocessing = 0;
		};
/* End PBXSourcesBuildPhase section */

/* Begin PBXTargetDependency section */
		0880C5E328D9D3D500ACC770 /* PBXTargetDependency */ = {
			isa = PBXTargetDependency;
			target = 0880C5CA28D9D3D300ACC770 /* ShiftTapeStoryboard */;
			targetProxy = 0880C5E228D9D3D500ACC770 /* PBXContainerItemProxy */;
		};
		0880C5ED28D9D3D500ACC770 /* PBXTargetDependency */ = {
			isa = PBXTargetDependency;
			target = 0880C5CA28D9D3D300ACC770 /* ShiftTapeStoryboard */;
			targetProxy = 0880C5EC28D9D3D500ACC770 /* PBXContainerItemProxy */;
		};
/* End PBXTargetDependency section */

/* Begin PBXVariantGroup section */
		0880C5D428D9D3D300ACC770 /* Main.storyboard */ = {
			isa = PBXVariantGroup;
			children = (
				0880C5D528D9D3D300ACC770 /* Base */,
				0880C5FF28D9DEA200ACC770 /* en */,
			);
			name = Main.storyboard;
			sourceTree = "<group>";
		};
		0880C5D928D9D3D500ACC770 /* LaunchScreen.storyboard */ = {
			isa = PBXVariantGroup;
			children = (
				0880C5DA28D9D3D500ACC770 /* Base */,
			);
			name = LaunchScreen.storyboard;
			sourceTree = "<group>";
		};
/* End PBXVariantGroup section */

/* Begin XCBuildConfiguration section */
		0880C5F328D9D3D500ACC770 /* Debug */ = {
			isa = XCBuildConfiguration;
			buildSettings = {
				ALWAYS_SEARCH_USER_PATHS = NO;
				CLANG_ANALYZER_NONNULL = YES;
				CLANG_ANALYZER_NUMBER_OBJECT_CONVERSION = YES_AGGRESSIVE;
				CLANG_CXX_LANGUAGE_STANDARD = "gnu++17";
				CLANG_ENABLE_MODULES = YES;
				CLANG_ENABLE_OBJC_ARC = YES;
				CLANG_ENABLE_OBJC_WEAK = YES;
				CLANG_WARN_BLOCK_CAPTURE_AUTORELEASING = YES;
				CLANG_WARN_BOOL_CONVERSION = YES;
				CLANG_WARN_COMMA = YES;
				CLANG_WARN_CONSTANT_CONVERSION = YES;
				CLANG_WARN_DEPRECATED_OBJC_IMPLEMENTATIONS = YES;
				CLANG_WARN_DIRECT_OBJC_ISA_USAGE = YES_ERROR;
				CLANG_WARN_DOCUMENTATION_COMMENTS = YES;
				CLANG_WARN_EMPTY_BODY = YES;
				CLANG_WARN_ENUM_CONVERSION = YES;
				CLANG_WARN_INFINITE_RECURSION = YES;
				CLANG_WARN_INT_CONVERSION = YES;
				CLANG_WARN_NON_LITERAL_NULL_CONVERSION = YES;
				CLANG_WARN_OBJC_IMPLICIT_RETAIN_SELF = YES;
				CLANG_WARN_OBJC_LITERAL_CONVERSION = YES;
				CLANG_WARN_OBJC_ROOT_CLASS = YES_ERROR;
				CLANG_WARN_QUOTED_INCLUDE_IN_FRAMEWORK_HEADER = YES;
				CLANG_WARN_RANGE_LOOP_ANALYSIS = YES;
				CLANG_WARN_STRICT_PROTOTYPES = YES;
				CLANG_WARN_SUSPICIOUS_MOVE = YES;
				CLANG_WARN_UNGUARDED_AVAILABILITY = YES_AGGRESSIVE;
				CLANG_WARN_UNREACHABLE_CODE = YES;
				CLANG_WARN__DUPLICATE_METHOD_MATCH = YES;
				COPY_PHASE_STRIP = NO;
				DEBUG_INFORMATION_FORMAT = dwarf;
				ENABLE_STRICT_OBJC_MSGSEND = YES;
				ENABLE_TESTABILITY = YES;
				GCC_C_LANGUAGE_STANDARD = gnu11;
				GCC_DYNAMIC_NO_PIC = NO;
				GCC_NO_COMMON_BLOCKS = YES;
				GCC_OPTIMIZATION_LEVEL = 0;
				GCC_PREPROCESSOR_DEFINITIONS = (
					"DEBUG=1",
					"$(inherited)",
				);
				GCC_WARN_64_TO_32_BIT_CONVERSION = YES;
				GCC_WARN_ABOUT_RETURN_TYPE = YES_ERROR;
				GCC_WARN_UNDECLARED_SELECTOR = YES;
				GCC_WARN_UNINITIALIZED_AUTOS = YES_AGGRESSIVE;
				GCC_WARN_UNUSED_FUNCTION = YES;
				GCC_WARN_UNUSED_VARIABLE = YES;
				IPHONEOS_DEPLOYMENT_TARGET = 15.5;
				MTL_ENABLE_DEBUG_INFO = INCLUDE_SOURCE;
				MTL_FAST_MATH = YES;
				ONLY_ACTIVE_ARCH = YES;
				SDKROOT = iphoneos;
				SWIFT_ACTIVE_COMPILATION_CONDITIONS = DEBUG;
				SWIFT_OPTIMIZATION_LEVEL = "-Onone";
			};
			name = Debug;
		};
		0880C5F428D9D3D500ACC770 /* Release */ = {
			isa = XCBuildConfiguration;
			buildSettings = {
				ALWAYS_SEARCH_USER_PATHS = NO;
				CLANG_ANALYZER_NONNULL = YES;
				CLANG_ANALYZER_NUMBER_OBJECT_CONVERSION = YES_AGGRESSIVE;
				CLANG_CXX_LANGUAGE_STANDARD = "gnu++17";
				CLANG_ENABLE_MODULES = YES;
				CLANG_ENABLE_OBJC_ARC = YES;
				CLANG_ENABLE_OBJC_WEAK = YES;
				CLANG_WARN_BLOCK_CAPTURE_AUTORELEASING = YES;
				CLANG_WARN_BOOL_CONVERSION = YES;
				CLANG_WARN_COMMA = YES;
				CLANG_WARN_CONSTANT_CONVERSION = YES;
				CLANG_WARN_DEPRECATED_OBJC_IMPLEMENTATIONS = YES;
				CLANG_WARN_DIRECT_OBJC_ISA_USAGE = YES_ERROR;
				CLANG_WARN_DOCUMENTATION_COMMENTS = YES;
				CLANG_WARN_EMPTY_BODY = YES;
				CLANG_WARN_ENUM_CONVERSION = YES;
				CLANG_WARN_INFINITE_RECURSION = YES;
				CLANG_WARN_INT_CONVERSION = YES;
				CLANG_WARN_NON_LITERAL_NULL_CONVERSION = YES;
				CLANG_WARN_OBJC_IMPLICIT_RETAIN_SELF = YES;
				CLANG_WARN_OBJC_LITERAL_CONVERSION = YES;
				CLANG_WARN_OBJC_ROOT_CLASS = YES_ERROR;
				CLANG_WARN_QUOTED_INCLUDE_IN_FRAMEWORK_HEADER = YES;
				CLANG_WARN_RANGE_LOOP_ANALYSIS = YES;
				CLANG_WARN_STRICT_PROTOTYPES = YES;
				CLANG_WARN_SUSPICIOUS_MOVE = YES;
				CLANG_WARN_UNGUARDED_AVAILABILITY = YES_AGGRESSIVE;
				CLANG_WARN_UNREACHABLE_CODE = YES;
				CLANG_WARN__DUPLICATE_METHOD_MATCH = YES;
				COPY_PHASE_STRIP = NO;
				DEBUG_INFORMATION_FORMAT = "dwarf-with-dsym";
				ENABLE_NS_ASSERTIONS = NO;
				ENABLE_STRICT_OBJC_MSGSEND = YES;
				GCC_C_LANGUAGE_STANDARD = gnu11;
				GCC_NO_COMMON_BLOCKS = YES;
				GCC_WARN_64_TO_32_BIT_CONVERSION = YES;
				GCC_WARN_ABOUT_RETURN_TYPE = YES_ERROR;
				GCC_WARN_UNDECLARED_SELECTOR = YES;
				GCC_WARN_UNINITIALIZED_AUTOS = YES_AGGRESSIVE;
				GCC_WARN_UNUSED_FUNCTION = YES;
				GCC_WARN_UNUSED_VARIABLE = YES;
				IPHONEOS_DEPLOYMENT_TARGET = 15.5;
				MTL_ENABLE_DEBUG_INFO = NO;
				MTL_FAST_MATH = YES;
				SDKROOT = iphoneos;
				SWIFT_COMPILATION_MODE = wholemodule;
				SWIFT_OPTIMIZATION_LEVEL = "-O";
				VALIDATE_PRODUCT = YES;
			};
			name = Release;
		};
		0880C5F628D9D3D500ACC770 /* Debug */ = {
			isa = XCBuildConfiguration;
			baseConfigurationReference = BAC4DC60A4E3F27086584467 /* Pods-ShiftTapeStoryboard.debug.xcconfig */;
			buildSettings = {
				ASSETCATALOG_COMPILER_APPICON_NAME = AppIcon;
				ASSETCATALOG_COMPILER_GLOBAL_ACCENT_COLOR_NAME = AccentColor;
				CODE_SIGN_STYLE = Automatic;
				CURRENT_PROJECT_VERSION = 1;
				DEVELOPMENT_TEAM = QD2MBVB859;
				GENERATE_INFOPLIST_FILE = YES;
				INFOPLIST_FILE = ShiftTapeStoryboard/Info.plist;
				INFOPLIST_KEY_UIApplicationSupportsIndirectInputEvents = YES;
				INFOPLIST_KEY_UILaunchStoryboardName = LaunchScreen;
				INFOPLIST_KEY_UIMainStoryboardFile = Main;
				INFOPLIST_KEY_UISupportedInterfaceOrientations_iPad = "UIInterfaceOrientationPortrait UIInterfaceOrientationPortraitUpsideDown UIInterfaceOrientationLandscapeLeft UIInterfaceOrientationLandscapeRight";
				INFOPLIST_KEY_UISupportedInterfaceOrientations_iPhone = "UIInterfaceOrientationPortrait UIInterfaceOrientationLandscapeLeft UIInterfaceOrientationLandscapeRight";
				LD_RUNPATH_SEARCH_PATHS = (
					"$(inherited)",
					"@executable_path/Frameworks",
				);
				MARKETING_VERSION = 1.0;
				PRODUCT_BUNDLE_IDENTIFIER = com.takuchan.ShiftTapeStoryboard;
				PRODUCT_NAME = "$(TARGET_NAME)";
				SWIFT_EMIT_LOC_STRINGS = YES;
				SWIFT_VERSION = 5.0;
				TARGETED_DEVICE_FAMILY = "1,2";
			};
			name = Debug;
		};
		0880C5F728D9D3D500ACC770 /* Release */ = {
			isa = XCBuildConfiguration;
			baseConfigurationReference = 77C3A4A13EF929EBA801584A /* Pods-ShiftTapeStoryboard.release.xcconfig */;
			buildSettings = {
				ASSETCATALOG_COMPILER_APPICON_NAME = AppIcon;
				ASSETCATALOG_COMPILER_GLOBAL_ACCENT_COLOR_NAME = AccentColor;
				CODE_SIGN_STYLE = Automatic;
				CURRENT_PROJECT_VERSION = 1;
				DEVELOPMENT_TEAM = QD2MBVB859;
				GENERATE_INFOPLIST_FILE = YES;
				INFOPLIST_FILE = ShiftTapeStoryboard/Info.plist;
				INFOPLIST_KEY_UIApplicationSupportsIndirectInputEvents = YES;
				INFOPLIST_KEY_UILaunchStoryboardName = LaunchScreen;
				INFOPLIST_KEY_UIMainStoryboardFile = Main;
				INFOPLIST_KEY_UISupportedInterfaceOrientations_iPad = "UIInterfaceOrientationPortrait UIInterfaceOrientationPortraitUpsideDown UIInterfaceOrientationLandscapeLeft UIInterfaceOrientationLandscapeRight";
				INFOPLIST_KEY_UISupportedInterfaceOrientations_iPhone = "UIInterfaceOrientationPortrait UIInterfaceOrientationLandscapeLeft UIInterfaceOrientationLandscapeRight";
				LD_RUNPATH_SEARCH_PATHS = (
					"$(inherited)",
					"@executable_path/Frameworks",
				);
				MARKETING_VERSION = 1.0;
				PRODUCT_BUNDLE_IDENTIFIER = com.takuchan.ShiftTapeStoryboard;
				PRODUCT_NAME = "$(TARGET_NAME)";
				SWIFT_EMIT_LOC_STRINGS = YES;
				SWIFT_VERSION = 5.0;
				TARGETED_DEVICE_FAMILY = "1,2";
			};
			name = Release;
		};
		0880C5F928D9D3D500ACC770 /* Debug */ = {
			isa = XCBuildConfiguration;
			baseConfigurationReference = 22E46A92740635CF809104B3 /* Pods-ShiftTapeStoryboardTests.debug.xcconfig */;
			buildSettings = {
				ALWAYS_EMBED_SWIFT_STANDARD_LIBRARIES = YES;
				BUNDLE_LOADER = "$(TEST_HOST)";
				CODE_SIGN_STYLE = Automatic;
				CURRENT_PROJECT_VERSION = 1;
				GENERATE_INFOPLIST_FILE = YES;
				IPHONEOS_DEPLOYMENT_TARGET = 15.5;
				MARKETING_VERSION = 1.0;
				PRODUCT_BUNDLE_IDENTIFIER = com.takuchan.ShiftTapeStoryboardTests;
				PRODUCT_NAME = "$(TARGET_NAME)";
				SWIFT_EMIT_LOC_STRINGS = NO;
				SWIFT_VERSION = 5.0;
				TARGETED_DEVICE_FAMILY = "1,2";
				TEST_HOST = "$(BUILT_PRODUCTS_DIR)/ShiftTapeStoryboard.app/ShiftTapeStoryboard";
			};
			name = Debug;
		};
		0880C5FA28D9D3D500ACC770 /* Release */ = {
			isa = XCBuildConfiguration;
			baseConfigurationReference = 72DE4A3E901D7477EF9A6109 /* Pods-ShiftTapeStoryboardTests.release.xcconfig */;
			buildSettings = {
				ALWAYS_EMBED_SWIFT_STANDARD_LIBRARIES = YES;
				BUNDLE_LOADER = "$(TEST_HOST)";
				CODE_SIGN_STYLE = Automatic;
				CURRENT_PROJECT_VERSION = 1;
				GENERATE_INFOPLIST_FILE = YES;
				IPHONEOS_DEPLOYMENT_TARGET = 15.5;
				MARKETING_VERSION = 1.0;
				PRODUCT_BUNDLE_IDENTIFIER = com.takuchan.ShiftTapeStoryboardTests;
				PRODUCT_NAME = "$(TARGET_NAME)";
				SWIFT_EMIT_LOC_STRINGS = NO;
				SWIFT_VERSION = 5.0;
				TARGETED_DEVICE_FAMILY = "1,2";
				TEST_HOST = "$(BUILT_PRODUCTS_DIR)/ShiftTapeStoryboard.app/ShiftTapeStoryboard";
			};
			name = Release;
		};
		0880C5FC28D9D3D500ACC770 /* Debug */ = {
			isa = XCBuildConfiguration;
			baseConfigurationReference = 0CDEB895D9EC33CA84BC1F62 /* Pods-ShiftTapeStoryboard-ShiftTapeStoryboardUITests.debug.xcconfig */;
			buildSettings = {
				ALWAYS_EMBED_SWIFT_STANDARD_LIBRARIES = YES;
				CODE_SIGN_STYLE = Automatic;
				CURRENT_PROJECT_VERSION = 1;
				GENERATE_INFOPLIST_FILE = YES;
				MARKETING_VERSION = 1.0;
				PRODUCT_BUNDLE_IDENTIFIER = com.takuchan.ShiftTapeStoryboardUITests;
				PRODUCT_NAME = "$(TARGET_NAME)";
				SWIFT_EMIT_LOC_STRINGS = NO;
				SWIFT_VERSION = 5.0;
				TARGETED_DEVICE_FAMILY = "1,2";
				TEST_TARGET_NAME = ShiftTapeStoryboard;
			};
			name = Debug;
		};
		0880C5FD28D9D3D500ACC770 /* Release */ = {
			isa = XCBuildConfiguration;
			baseConfigurationReference = 14A68058C37A0F1A0DB2F5B7 /* Pods-ShiftTapeStoryboard-ShiftTapeStoryboardUITests.release.xcconfig */;
			buildSettings = {
				ALWAYS_EMBED_SWIFT_STANDARD_LIBRARIES = YES;
				CODE_SIGN_STYLE = Automatic;
				CURRENT_PROJECT_VERSION = 1;
				GENERATE_INFOPLIST_FILE = YES;
				MARKETING_VERSION = 1.0;
				PRODUCT_BUNDLE_IDENTIFIER = com.takuchan.ShiftTapeStoryboardUITests;
				PRODUCT_NAME = "$(TARGET_NAME)";
				SWIFT_EMIT_LOC_STRINGS = NO;
				SWIFT_VERSION = 5.0;
				TARGETED_DEVICE_FAMILY = "1,2";
				TEST_TARGET_NAME = ShiftTapeStoryboard;
			};
			name = Release;
		};
/* End XCBuildConfiguration section */

/* Begin XCConfigurationList section */
		0880C5C628D9D3D300ACC770 /* Build configuration list for PBXProject "ShiftTapeStoryboard" */ = {
			isa = XCConfigurationList;
			buildConfigurations = (
				0880C5F328D9D3D500ACC770 /* Debug */,
				0880C5F428D9D3D500ACC770 /* Release */,
			);
			defaultConfigurationIsVisible = 0;
			defaultConfigurationName = Release;
		};
		0880C5F528D9D3D500ACC770 /* Build configuration list for PBXNativeTarget "ShiftTapeStoryboard" */ = {
			isa = XCConfigurationList;
			buildConfigurations = (
				0880C5F628D9D3D500ACC770 /* Debug */,
				0880C5F728D9D3D500ACC770 /* Release */,
			);
			defaultConfigurationIsVisible = 0;
			defaultConfigurationName = Release;
		};
		0880C5F828D9D3D500ACC770 /* Build configuration list for PBXNativeTarget "ShiftTapeStoryboardTests" */ = {
			isa = XCConfigurationList;
			buildConfigurations = (
				0880C5F928D9D3D500ACC770 /* Debug */,
				0880C5FA28D9D3D500ACC770 /* Release */,
			);
			defaultConfigurationIsVisible = 0;
			defaultConfigurationName = Release;
		};
		0880C5FB28D9D3D500ACC770 /* Build configuration list for PBXNativeTarget "ShiftTapeStoryboardUITests" */ = {
			isa = XCConfigurationList;
			buildConfigurations = (
				0880C5FC28D9D3D500ACC770 /* Debug */,
				0880C5FD28D9D3D500ACC770 /* Release */,
			);
			defaultConfigurationIsVisible = 0;
			defaultConfigurationName = Release;
		};
/* End XCConfigurationList section */
	};
	rootObject = 0880C5C328D9D3D300ACC770 /* Project object */;
}
